
Microsoft Visual Studio Solution File, Format Version 12.00
Project("{FAE04EC0-301F-11D3-BF4B-00C04F79EFBC}") = "RazorClassLibrary", "RazorClassLibrary\RazorClassLibrary.csproj", "{5B321648-6D0E-429A-A2B5-446C333AE910}"
EndProject
Global
	GlobalSection(SolutionConfigurationPlatforms) = preSolution
		Debug|Any CPU = Debug|Any CPU
		Release|Any CPU = Release|Any CPU
	EndGlobalSection
	GlobalSection(ProjectConfigurationPlatforms) = postSolution
		{5B321648-6D0E-429A-A2B5-446C333AE910}.Debug|Any CPU.ActiveCfg = Debug|Any CPU
		{5B321648-6D0E-429A-A2B5-446C333AE910}.Debug|Any CPU.Build.0 = Debug|Any CPU
		{5B321648-6D0E-429A-A2B5-446C333AE910}.Release|Any CPU.ActiveCfg = Release|Any CPU
		{5B321648-6D0E-429A-A2B5-446C333AE910}.Release|Any CPU.Build.0 = Release|Any CPU
	EndGlobalSection
EndGlobal
